// !$*UTF8*$!
{
	archiveVersion = 1;
	classes = {
	};
	objectVersion = 50;
	objects = {

/* Begin PBXBuildFile section */
		50336F7820973B45009BDE5C /* BrowserMenuJavascriptTableViewCell.m in Sources */ = {isa = PBXBuildFile; fileRef = 50336F7620973B45009BDE5C /* BrowserMenuJavascriptTableViewCell.m */; };
		50336F7920973B45009BDE5C /* BrowserMenuJavascriptTableViewCell.xib in Resources */ = {isa = PBXBuildFile; fileRef = 50336F7720973B45009BDE5C /* BrowserMenuJavascriptTableViewCell.xib */; };
		5048164D2095DC3C00AE966F /* AppDelegate.m in Sources */ = {isa = PBXBuildFile; fileRef = 5048164C2095DC3C00AE966F /* AppDelegate.m */; };
		504816552095DC3D00AE966F /* Assets.xcassets in Resources */ = {isa = PBXBuildFile; fileRef = 504816542095DC3D00AE966F /* Assets.xcassets */; };
		504816582095DC3D00AE966F /* LaunchScreen.storyboard in Resources */ = {isa = PBXBuildFile; fileRef = 504816562095DC3D00AE966F /* LaunchScreen.storyboard */; };
		5048165B2095DC3D00AE966F /* main.m in Sources */ = {isa = PBXBuildFile; fileRef = 5048165A2095DC3D00AE966F /* main.m */; };
		504816632095DDC100AE966F /* BrowserTabViewController.m in Sources */ = {isa = PBXBuildFile; fileRef = 504816622095DDC100AE966F /* BrowserTabViewController.m */; };
		504816662095E00200AE966F /* WKWebView+DBR.m in Sources */ = {isa = PBXBuildFile; fileRef = 504816652095E00200AE966F /* WKWebView+DBR.m */; };
		504816692095E16C00AE966F /* NSException+DBR.m in Sources */ = {isa = PBXBuildFile; fileRef = 504816682095E16C00AE966F /* NSException+DBR.m */; };
		5048166C2095F11F00AE966F /* WebViewScaleController.m in Sources */ = {isa = PBXBuildFile; fileRef = 5048166B2095F11F00AE966F /* WebViewScaleController.m */; };
		5048166F2095F65C00AE966F /* WebViewToolbarController.m in Sources */ = {isa = PBXBuildFile; fileRef = 5048166E2095F65C00AE966F /* WebViewToolbarController.m */; };
		504816722096BD9D00AE966F /* UIBarButtonItem+DBR.m in Sources */ = {isa = PBXBuildFile; fileRef = 504816712096BD9D00AE966F /* UIBarButtonItem+DBR.m */; };
		504816752096C3A200AE966F /* BrowserMenuViewController.m in Sources */ = {isa = PBXBuildFile; fileRef = 504816742096C3A200AE966F /* BrowserMenuViewController.m */; };
		504816782096DB5000AE966F /* BrowserMenuAction.m in Sources */ = {isa = PBXBuildFile; fileRef = 504816772096DB5000AE966F /* BrowserMenuAction.m */; };
		5048167C2096DE1900AE966F /* BrowserMenuURLTableViewCell.m in Sources */ = {isa = PBXBuildFile; fileRef = 5048167A2096DE1900AE966F /* BrowserMenuURLTableViewCell.m */; };
		5048167D2096DE1900AE966F /* BrowserMenuURLTableViewCell.xib in Resources */ = {isa = PBXBuildFile; fileRef = 5048167B2096DE1900AE966F /* BrowserMenuURLTableViewCell.xib */; };
		504816822097233A00AE966F /* BrowserMenuScaleTableViewCell.m in Sources */ = {isa = PBXBuildFile; fileRef = 504816802097233A00AE966F /* BrowserMenuScaleTableViewCell.m */; };
		504816832097233A00AE966F /* BrowserMenuScaleTableViewCell.xib in Resources */ = {isa = PBXBuildFile; fileRef = 504816812097233A00AE966F /* BrowserMenuScaleTableViewCell.xib */; };
		504816862097251500AE966F /* UITableViewCell+DBR.m in Sources */ = {isa = PBXBuildFile; fileRef = 504816852097251500AE966F /* UITableViewCell+DBR.m */; };
		50CCF0CD2097FEE200ABF37F /* ButtonTableViewCell.m in Sources */ = {isa = PBXBuildFile; fileRef = 50CCF0CB2097FEE200ABF37F /* ButtonTableViewCell.m */; };
		50CCF0CE2097FEE200ABF37F /* ButtonTableViewCell.xib in Resources */ = {isa = PBXBuildFile; fileRef = 50CCF0CC2097FEE200ABF37F /* ButtonTableViewCell.xib */; };
		50CCF0D12098078100ABF37F /* TabListViewController.m in Sources */ = {isa = PBXBuildFile; fileRef = 50CCF0D02098078100ABF37F /* TabListViewController.m */; };
		50CCF0D4209807A900ABF37F /* TabListTableViewController.m in Sources */ = {isa = PBXBuildFile; fileRef = 50CCF0D3209807A900ABF37F /* TabListTableViewController.m */; };
		50CCF0D720980C6200ABF37F /* BrowserTabConfiguration.m in Sources */ = {isa = PBXBuildFile; fileRef = 50CCF0D620980C6200ABF37F /* BrowserTabConfiguration.m */; };
		50CCF0DB2098109700ABF37F /* TabListTabTableViewCell.m in Sources */ = {isa = PBXBuildFile; fileRef = 50CCF0D92098109700ABF37F /* TabListTabTableViewCell.m */; };
		50CCF0DC2098109700ABF37F /* TabListTabTableViewCell.xib in Resources */ = {isa = PBXBuildFile; fileRef = 50CCF0DA2098109700ABF37F /* TabListTabTableViewCell.xib */; };
/* End PBXBuildFile section */

/* Begin PBXFileReference section */
		50336F7520973B45009BDE5C /* BrowserMenuJavascriptTableViewCell.h */ = {isa = PBXFileReference; lastKnownFileType = sourcecode.c.h; path = BrowserMenuJavascriptTableViewCell.h; sourceTree = "<group>"; };
		50336F7620973B45009BDE5C /* BrowserMenuJavascriptTableViewCell.m */ = {isa = PBXFileReference; lastKnownFileType = sourcecode.c.objc; path = BrowserMenuJavascriptTableViewCell.m; sourceTree = "<group>"; };
		50336F7720973B45009BDE5C /* BrowserMenuJavascriptTableViewCell.xib */ = {isa = PBXFileReference; lastKnownFileType = file.xib; path = BrowserMenuJavascriptTableViewCell.xib; sourceTree = "<group>"; };
		504816482095DC3C00AE966F /* DesktopBrowser.app */ = {isa = PBXFileReference; explicitFileType = wrapper.application; includeInIndex = 0; path = DesktopBrowser.app; sourceTree = BUILT_PRODUCTS_DIR; };
		5048164B2095DC3C00AE966F /* AppDelegate.h */ = {isa = PBXFileReference; lastKnownFileType = sourcecode.c.h; path = AppDelegate.h; sourceTree = "<group>"; };
		5048164C2095DC3C00AE966F /* AppDelegate.m */ = {isa = PBXFileReference; lastKnownFileType = sourcecode.c.objc; path = AppDelegate.m; sourceTree = "<group>"; };
		504816542095DC3D00AE966F /* Assets.xcassets */ = {isa = PBXFileReference; lastKnownFileType = folder.assetcatalog; path = Assets.xcassets; sourceTree = "<group>"; };
		504816572095DC3D00AE966F /* Base */ = {isa = PBXFileReference; lastKnownFileType = file.storyboard; name = Base; path = Base.lproj/LaunchScreen.storyboard; sourceTree = "<group>"; };
		504816592095DC3D00AE966F /* Info.plist */ = {isa = PBXFileReference; lastKnownFileType = text.plist.xml; path = Info.plist; sourceTree = "<group>"; };
		5048165A2095DC3D00AE966F /* main.m */ = {isa = PBXFileReference; lastKnownFileType = sourcecode.c.objc; path = main.m; sourceTree = "<group>"; };
		504816612095DDC100AE966F /* BrowserTabViewController.h */ = {isa = PBXFileReference; lastKnownFileType = sourcecode.c.h; path = BrowserTabViewController.h; sourceTree = "<group>"; };
		504816622095DDC100AE966F /* BrowserTabViewController.m */ = {isa = PBXFileReference; lastKnownFileType = sourcecode.c.objc; path = BrowserTabViewController.m; sourceTree = "<group>"; };
		504816642095DFB600AE966F /* WKWebView+DBR.h */ = {isa = PBXFileReference; lastKnownFileType = sourcecode.c.h; path = "WKWebView+DBR.h"; sourceTree = "<group>"; };
		504816652095E00200AE966F /* WKWebView+DBR.m */ = {isa = PBXFileReference; lastKnownFileType = sourcecode.c.objc; path = "WKWebView+DBR.m"; sourceTree = "<group>"; };
		504816672095E16C00AE966F /* NSException+DBR.h */ = {isa = PBXFileReference; lastKnownFileType = sourcecode.c.h; path = "NSException+DBR.h"; sourceTree = "<group>"; };
		504816682095E16C00AE966F /* NSException+DBR.m */ = {isa = PBXFileReference; lastKnownFileType = sourcecode.c.objc; path = "NSException+DBR.m"; sourceTree = "<group>"; };
		5048166A2095F11F00AE966F /* WebViewScaleController.h */ = {isa = PBXFileReference; lastKnownFileType = sourcecode.c.h; path = WebViewScaleController.h; sourceTree = "<group>"; };
		5048166B2095F11F00AE966F /* WebViewScaleController.m */ = {isa = PBXFileReference; lastKnownFileType = sourcecode.c.objc; path = WebViewScaleController.m; sourceTree = "<group>"; };
		5048166D2095F65C00AE966F /* WebViewToolbarController.h */ = {isa = PBXFileReference; lastKnownFileType = sourcecode.c.h; path = WebViewToolbarController.h; sourceTree = "<group>"; };
		5048166E2095F65C00AE966F /* WebViewToolbarController.m */ = {isa = PBXFileReference; lastKnownFileType = sourcecode.c.objc; path = WebViewToolbarController.m; sourceTree = "<group>"; };
		504816702096BD9D00AE966F /* UIBarButtonItem+DBR.h */ = {isa = PBXFileReference; lastKnownFileType = sourcecode.c.h; path = "UIBarButtonItem+DBR.h"; sourceTree = "<group>"; };
		504816712096BD9D00AE966F /* UIBarButtonItem+DBR.m */ = {isa = PBXFileReference; lastKnownFileType = sourcecode.c.objc; path = "UIBarButtonItem+DBR.m"; sourceTree = "<group>"; };
		504816732096C3A200AE966F /* BrowserMenuViewController.h */ = {isa = PBXFileReference; lastKnownFileType = sourcecode.c.h; path = BrowserMenuViewController.h; sourceTree = "<group>"; };
		504816742096C3A200AE966F /* BrowserMenuViewController.m */ = {isa = PBXFileReference; lastKnownFileType = sourcecode.c.objc; path = BrowserMenuViewController.m; sourceTree = "<group>"; };
		504816762096DB5000AE966F /* BrowserMenuAction.h */ = {isa = PBXFileReference; lastKnownFileType = sourcecode.c.h; path = BrowserMenuAction.h; sourceTree = "<group>"; };
		504816772096DB5000AE966F /* BrowserMenuAction.m */ = {isa = PBXFileReference; lastKnownFileType = sourcecode.c.objc; path = BrowserMenuAction.m; sourceTree = "<group>"; };
		504816792096DE1900AE966F /* BrowserMenuURLTableViewCell.h */ = {isa = PBXFileReference; lastKnownFileType = sourcecode.c.h; path = BrowserMenuURLTableViewCell.h; sourceTree = "<group>"; };
		5048167A2096DE1900AE966F /* BrowserMenuURLTableViewCell.m */ = {isa = PBXFileReference; lastKnownFileType = sourcecode.c.objc; path = BrowserMenuURLTableViewCell.m; sourceTree = "<group>"; };
		5048167B2096DE1900AE966F /* BrowserMenuURLTableViewCell.xib */ = {isa = PBXFileReference; lastKnownFileType = file.xib; path = BrowserMenuURLTableViewCell.xib; sourceTree = "<group>"; };
		5048167E20971F8D00AE966F /* BrowserMenuSectionsAndRows.h */ = {isa = PBXFileReference; lastKnownFileType = sourcecode.c.h; path = BrowserMenuSectionsAndRows.h; sourceTree = "<group>"; };
		5048167F2097233A00AE966F /* BrowserMenuScaleTableViewCell.h */ = {isa = PBXFileReference; lastKnownFileType = sourcecode.c.h; path = BrowserMenuScaleTableViewCell.h; sourceTree = "<group>"; };
		504816802097233A00AE966F /* BrowserMenuScaleTableViewCell.m */ = {isa = PBXFileReference; lastKnownFileType = sourcecode.c.objc; path = BrowserMenuScaleTableViewCell.m; sourceTree = "<group>"; };
		504816812097233A00AE966F /* BrowserMenuScaleTableViewCell.xib */ = {isa = PBXFileReference; lastKnownFileType = file.xib; path = BrowserMenuScaleTableViewCell.xib; sourceTree = "<group>"; };
		504816842097251500AE966F /* UITableViewCell+DBR.h */ = {isa = PBXFileReference; lastKnownFileType = sourcecode.c.h; path = "UITableViewCell+DBR.h"; sourceTree = "<group>"; };
		504816852097251500AE966F /* UITableViewCell+DBR.m */ = {isa = PBXFileReference; lastKnownFileType = sourcecode.c.objc; path = "UITableViewCell+DBR.m"; sourceTree = "<group>"; };
		50CCF0CA2097FEE200ABF37F /* ButtonTableViewCell.h */ = {isa = PBXFileReference; lastKnownFileType = sourcecode.c.h; path = ButtonTableViewCell.h; sourceTree = "<group>"; };
		50CCF0CB2097FEE200ABF37F /* ButtonTableViewCell.m */ = {isa = PBXFileReference; lastKnownFileType = sourcecode.c.objc; path = ButtonTableViewCell.m; sourceTree = "<group>"; };
		50CCF0CC2097FEE200ABF37F /* ButtonTableViewCell.xib */ = {isa = PBXFileReference; lastKnownFileType = file.xib; path = ButtonTableViewCell.xib; sourceTree = "<group>"; };
		50CCF0CF2098078100ABF37F /* TabListViewController.h */ = {isa = PBXFileReference; lastKnownFileType = sourcecode.c.h; path = TabListViewController.h; sourceTree = "<group>"; };
		50CCF0D02098078100ABF37F /* TabListViewController.m */ = {isa = PBXFileReference; lastKnownFileType = sourcecode.c.objc; path = TabListViewController.m; sourceTree = "<group>"; };
		50CCF0D2209807A900ABF37F /* TabListTableViewController.h */ = {isa = PBXFileReference; lastKnownFileType = sourcecode.c.h; path = TabListTableViewController.h; sourceTree = "<group>"; };
		50CCF0D3209807A900ABF37F /* TabListTableViewController.m */ = {isa = PBXFileReference; lastKnownFileType = sourcecode.c.objc; path = TabListTableViewController.m; sourceTree = "<group>"; };
		50CCF0D520980C6200ABF37F /* BrowserTabConfiguration.h */ = {isa = PBXFileReference; lastKnownFileType = sourcecode.c.h; path = BrowserTabConfiguration.h; sourceTree = "<group>"; };
		50CCF0D620980C6200ABF37F /* BrowserTabConfiguration.m */ = {isa = PBXFileReference; lastKnownFileType = sourcecode.c.objc; path = BrowserTabConfiguration.m; sourceTree = "<group>"; };
		50CCF0D82098109700ABF37F /* TabListTabTableViewCell.h */ = {isa = PBXFileReference; lastKnownFileType = sourcecode.c.h; path = TabListTabTableViewCell.h; sourceTree = "<group>"; };
		50CCF0D92098109700ABF37F /* TabListTabTableViewCell.m */ = {isa = PBXFileReference; lastKnownFileType = sourcecode.c.objc; path = TabListTabTableViewCell.m; sourceTree = "<group>"; };
		50CCF0DA2098109700ABF37F /* TabListTabTableViewCell.xib */ = {isa = PBXFileReference; lastKnownFileType = file.xib; path = TabListTabTableViewCell.xib; sourceTree = "<group>"; };
/* End PBXFileReference section */

/* Begin PBXFrameworksBuildPhase section */
		504816452095DC3C00AE966F /* Frameworks */ = {
			isa = PBXFrameworksBuildPhase;
			buildActionMask = 2147483647;
			files = (
			);
			runOnlyForDeploymentPostprocessing = 0;
		};
/* End PBXFrameworksBuildPhase section */

/* Begin PBXGroup section */
		5048163F2095DC3C00AE966F = {
			isa = PBXGroup;
			children = (
				5048164A2095DC3C00AE966F /* DesktopBrowser */,
				504816492095DC3C00AE966F /* Products */,
			);
			sourceTree = "<group>";
		};
		504816492095DC3C00AE966F /* Products */ = {
			isa = PBXGroup;
			children = (
				504816482095DC3C00AE966F /* DesktopBrowser.app */,
			);
			name = Products;
			sourceTree = "<group>";
		};
		5048164A2095DC3C00AE966F /* DesktopBrowser */ = {
			isa = PBXGroup;
			children = (
				5048164B2095DC3C00AE966F /* AppDelegate.h */,
				5048164C2095DC3C00AE966F /* AppDelegate.m */,
				50CCF0DD2098723100ABF37F /* TabList */,
				50CCF0DE2098725600ABF37F /* Browser Tab */,
				50CCF0E0209872BF00ABF37F /* Framework Categories */,
				504816542095DC3D00AE966F /* Assets.xcassets */,
				504816562095DC3D00AE966F /* LaunchScreen.storyboard */,
				504816592095DC3D00AE966F /* Info.plist */,
				5048165A2095DC3D00AE966F /* main.m */,
			);
			path = DesktopBrowser;
			sourceTree = "<group>";
		};
		50CCF0DD2098723100ABF37F /* TabList */ = {
			isa = PBXGroup;
			children = (
				50CCF0CF2098078100ABF37F /* TabListViewController.h */,
				50CCF0D02098078100ABF37F /* TabListViewController.m */,
				50CCF0D2209807A900ABF37F /* TabListTableViewController.h */,
				50CCF0D3209807A900ABF37F /* TabListTableViewController.m */,
				50CCF0D82098109700ABF37F /* TabListTabTableViewCell.h */,
				50CCF0D92098109700ABF37F /* TabListTabTableViewCell.m */,
				50CCF0DA2098109700ABF37F /* TabListTabTableViewCell.xib */,
			);
			path = TabList;
			sourceTree = "<group>";
		};
		50CCF0DE2098725600ABF37F /* Browser Tab */ = {
			isa = PBXGroup;
			children = (
				504816612095DDC100AE966F /* BrowserTabViewController.h */,
				504816622095DDC100AE966F /* BrowserTabViewController.m */,
				50CCF0D520980C6200ABF37F /* BrowserTabConfiguration.h */,
				50CCF0D620980C6200ABF37F /* BrowserTabConfiguration.m */,
				5048166D2095F65C00AE966F /* WebViewToolbarController.h */,
				5048166E2095F65C00AE966F /* WebViewToolbarController.m */,
				5048166A2095F11F00AE966F /* WebViewScaleController.h */,
				5048166B2095F11F00AE966F /* WebViewScaleController.m */,
				50CCF0DF2098726400ABF37F /* Browser Tab Menu */,
			);
			path = "Browser Tab";
			sourceTree = "<group>";
		};
		50CCF0DF2098726400ABF37F /* Browser Tab Menu */ = {
			isa = PBXGroup;
			children = (
				504816732096C3A200AE966F /* BrowserMenuViewController.h */,
				504816742096C3A200AE966F /* BrowserMenuViewController.m */,
				5048167E20971F8D00AE966F /* BrowserMenuSectionsAndRows.h */,
				504816792096DE1900AE966F /* BrowserMenuURLTableViewCell.h */,
				5048167A2096DE1900AE966F /* BrowserMenuURLTableViewCell.m */,
				5048167B2096DE1900AE966F /* BrowserMenuURLTableViewCell.xib */,
				5048167F2097233A00AE966F /* BrowserMenuScaleTableViewCell.h */,
				504816802097233A00AE966F /* BrowserMenuScaleTableViewCell.m */,
				504816812097233A00AE966F /* BrowserMenuScaleTableViewCell.xib */,
				50336F7520973B45009BDE5C /* BrowserMenuJavascriptTableViewCell.h */,
				50336F7620973B45009BDE5C /* BrowserMenuJavascriptTableViewCell.m */,
				50336F7720973B45009BDE5C /* BrowserMenuJavascriptTableViewCell.xib */,
				504816762096DB5000AE966F /* BrowserMenuAction.h */,
				504816772096DB5000AE966F /* BrowserMenuAction.m */,
				50CCF0CA2097FEE200ABF37F /* ButtonTableViewCell.h */,
				50CCF0CB2097FEE200ABF37F /* ButtonTableViewCell.m */,
				50CCF0CC2097FEE200ABF37F /* ButtonTableViewCell.xib */,
			);
			path = "Browser Tab Menu";
			sourceTree = "<group>";
		};
		50CCF0E0209872BF00ABF37F /* Framework Categories */ = {
			isa = PBXGroup;
			children = (
				504816702096BD9D00AE966F /* UIBarButtonItem+DBR.h */,
				504816712096BD9D00AE966F /* UIBarButtonItem+DBR.m */,
				504816642095DFB600AE966F /* WKWebView+DBR.h */,
				504816652095E00200AE966F /* WKWebView+DBR.m */,
				504816672095E16C00AE966F /* NSException+DBR.h */,
				504816682095E16C00AE966F /* NSException+DBR.m */,
				504816842097251500AE966F /* UITableViewCell+DBR.h */,
				504816852097251500AE966F /* UITableViewCell+DBR.m */,
			);
			path = "Framework Categories";
			sourceTree = "<group>";
		};
/* End PBXGroup section */

/* Begin PBXNativeTarget section */
		504816472095DC3C00AE966F /* DesktopBrowser */ = {
			isa = PBXNativeTarget;
			buildConfigurationList = 5048165E2095DC3D00AE966F /* Build configuration list for PBXNativeTarget "DesktopBrowser" */;
			buildPhases = (
				504816442095DC3C00AE966F /* Sources */,
				504816452095DC3C00AE966F /* Frameworks */,
				504816462095DC3C00AE966F /* Resources */,
			);
			buildRules = (
			);
			dependencies = (
			);
			name = DesktopBrowser;
			productName = DesktopBrowser;
			productReference = 504816482095DC3C00AE966F /* DesktopBrowser.app */;
			productType = "com.apple.product-type.application";
		};
/* End PBXNativeTarget section */

/* Begin PBXProject section */
		504816402095DC3C00AE966F /* Project object */ = {
			isa = PBXProject;
			attributes = {
				LastUpgradeCheck = 0930;
				ORGANIZATIONNAME = "Jeffrey Bergier";
				TargetAttributes = {
					504816472095DC3C00AE966F = {
						CreatedOnToolsVersion = 9.3;
					};
				};
			};
			buildConfigurationList = 504816432095DC3C00AE966F /* Build configuration list for PBXProject "DesktopBrowser" */;
			compatibilityVersion = "Xcode 9.3";
			developmentRegion = en;
			hasScannedForEncodings = 0;
			knownRegions = (
				en,
				Base,
			);
			mainGroup = 5048163F2095DC3C00AE966F;
			productRefGroup = 504816492095DC3C00AE966F /* Products */;
			projectDirPath = "";
			projectRoot = "";
			targets = (
				504816472095DC3C00AE966F /* DesktopBrowser */,
			);
		};
/* End PBXProject section */

/* Begin PBXResourcesBuildPhase section */
		504816462095DC3C00AE966F /* Resources */ = {
			isa = PBXResourcesBuildPhase;
			buildActionMask = 2147483647;
			files = (
				50336F7920973B45009BDE5C /* BrowserMenuJavascriptTableViewCell.xib in Resources */,
				50CCF0DC2098109700ABF37F /* TabListTabTableViewCell.xib in Resources */,
				50CCF0CE2097FEE200ABF37F /* ButtonTableViewCell.xib in Resources */,
				504816582095DC3D00AE966F /* LaunchScreen.storyboard in Resources */,
				504816552095DC3D00AE966F /* Assets.xcassets in Resources */,
				504816832097233A00AE966F /* BrowserMenuScaleTableViewCell.xib in Resources */,
				5048167D2096DE1900AE966F /* BrowserMenuURLTableViewCell.xib in Resources */,
			);
			runOnlyForDeploymentPostprocessing = 0;
		};
/* End PBXResourcesBuildPhase section */

/* Begin PBXSourcesBuildPhase section */
		504816442095DC3C00AE966F /* Sources */ = {
			isa = PBXSourcesBuildPhase;
			buildActionMask = 2147483647;
			files = (
				5048166C2095F11F00AE966F /* WebViewScaleController.m in Sources */,
				504816782096DB5000AE966F /* BrowserMenuAction.m in Sources */,
				50CCF0D4209807A900ABF37F /* TabListTableViewController.m in Sources */,
				50CCF0D720980C6200ABF37F /* BrowserTabConfiguration.m in Sources */,
				504816862097251500AE966F /* UITableViewCell+DBR.m in Sources */,
				504816722096BD9D00AE966F /* UIBarButtonItem+DBR.m in Sources */,
				50CCF0D12098078100ABF37F /* TabListViewController.m in Sources */,
				504816662095E00200AE966F /* WKWebView+DBR.m in Sources */,
				5048165B2095DC3D00AE966F /* main.m in Sources */,
				50336F7820973B45009BDE5C /* BrowserMenuJavascriptTableViewCell.m in Sources */,
				504816752096C3A200AE966F /* BrowserMenuViewController.m in Sources */,
				504816692095E16C00AE966F /* NSException+DBR.m in Sources */,
				50CCF0DB2098109700ABF37F /* TabListTabTableViewCell.m in Sources */,
				5048167C2096DE1900AE966F /* BrowserMenuURLTableViewCell.m in Sources */,
				5048166F2095F65C00AE966F /* WebViewToolbarController.m in Sources */,
				5048164D2095DC3C00AE966F /* AppDelegate.m in Sources */,
				504816822097233A00AE966F /* BrowserMenuScaleTableViewCell.m in Sources */,
				504816632095DDC100AE966F /* BrowserTabViewController.m in Sources */,
				50CCF0CD2097FEE200ABF37F /* ButtonTableViewCell.m in Sources */,
			);
			runOnlyForDeploymentPostprocessing = 0;
		};
/* End PBXSourcesBuildPhase section */

/* Begin PBXVariantGroup section */
		504816562095DC3D00AE966F /* LaunchScreen.storyboard */ = {
			isa = PBXVariantGroup;
			children = (
				504816572095DC3D00AE966F /* Base */,
			);
			name = LaunchScreen.storyboard;
			sourceTree = "<group>";
		};
/* End PBXVariantGroup section */

/* Begin XCBuildConfiguration section */
		5048165C2095DC3D00AE966F /* Debug */ = {
			isa = XCBuildConfiguration;
			buildSettings = {
				ALWAYS_SEARCH_USER_PATHS = NO;
				CLANG_ANALYZER_NONNULL = YES;
				CLANG_ANALYZER_NUMBER_OBJECT_CONVERSION = YES_AGGRESSIVE;
				CLANG_CXX_LANGUAGE_STANDARD = "gnu++14";
				CLANG_CXX_LIBRARY = "libc++";
				CLANG_ENABLE_MODULES = YES;
				CLANG_ENABLE_OBJC_ARC = YES;
				CLANG_ENABLE_OBJC_WEAK = YES;
				CLANG_WARN_BLOCK_CAPTURE_AUTORELEASING = YES;
				CLANG_WARN_BOOL_CONVERSION = YES;
				CLANG_WARN_COMMA = YES;
				CLANG_WARN_CONSTANT_CONVERSION = YES;
				CLANG_WARN_DEPRECATED_OBJC_IMPLEMENTATIONS = YES;
				CLANG_WARN_DIRECT_OBJC_ISA_USAGE = YES_ERROR;
				CLANG_WARN_DOCUMENTATION_COMMENTS = YES;
				CLANG_WARN_EMPTY_BODY = YES;
				CLANG_WARN_ENUM_CONVERSION = YES;
				CLANG_WARN_INFINITE_RECURSION = YES;
				CLANG_WARN_INT_CONVERSION = YES;
				CLANG_WARN_NON_LITERAL_NULL_CONVERSION = YES;
				CLANG_WARN_OBJC_IMPLICIT_RETAIN_SELF = YES;
				CLANG_WARN_OBJC_LITERAL_CONVERSION = YES;
				CLANG_WARN_OBJC_ROOT_CLASS = YES_ERROR;
				CLANG_WARN_RANGE_LOOP_ANALYSIS = YES;
				CLANG_WARN_STRICT_PROTOTYPES = YES;
				CLANG_WARN_SUSPICIOUS_MOVE = YES;
				CLANG_WARN_UNGUARDED_AVAILABILITY = YES_AGGRESSIVE;
				CLANG_WARN_UNREACHABLE_CODE = YES;
				CLANG_WARN__DUPLICATE_METHOD_MATCH = YES;
				CODE_SIGN_IDENTITY = "iPhone Developer";
				COPY_PHASE_STRIP = NO;
				DEBUG_INFORMATION_FORMAT = dwarf;
				ENABLE_STRICT_OBJC_MSGSEND = YES;
				ENABLE_TESTABILITY = YES;
				GCC_C_LANGUAGE_STANDARD = gnu11;
				GCC_DYNAMIC_NO_PIC = NO;
				GCC_NO_COMMON_BLOCKS = YES;
				GCC_OPTIMIZATION_LEVEL = 0;
				GCC_PREPROCESSOR_DEFINITIONS = (
					"DEBUG=1",
					"$(inherited)",
				);
				GCC_WARN_64_TO_32_BIT_CONVERSION = YES;
				GCC_WARN_ABOUT_RETURN_TYPE = YES_ERROR;
				GCC_WARN_UNDECLARED_SELECTOR = YES;
				GCC_WARN_UNINITIALIZED_AUTOS = YES_AGGRESSIVE;
				GCC_WARN_UNUSED_FUNCTION = YES;
				GCC_WARN_UNUSED_VARIABLE = YES;
				IPHONEOS_DEPLOYMENT_TARGET = 11.3;
				MTL_ENABLE_DEBUG_INFO = YES;
				ONLY_ACTIVE_ARCH = YES;
				SDKROOT = iphoneos;
			};
			name = Debug;
		};
		5048165D2095DC3D00AE966F /* Release */ = {
			isa = XCBuildConfiguration;
			buildSettings = {
				ALWAYS_SEARCH_USER_PATHS = NO;
				CLANG_ANALYZER_NONNULL = YES;
				CLANG_ANALYZER_NUMBER_OBJECT_CONVERSION = YES_AGGRESSIVE;
				CLANG_CXX_LANGUAGE_STANDARD = "gnu++14";
				CLANG_CXX_LIBRARY = "libc++";
				CLANG_ENABLE_MODULES = YES;
				CLANG_ENABLE_OBJC_ARC = YES;
				CLANG_ENABLE_OBJC_WEAK = YES;
				CLANG_WARN_BLOCK_CAPTURE_AUTORELEASING = YES;
				CLANG_WARN_BOOL_CONVERSION = YES;
				CLANG_WARN_COMMA = YES;
				CLANG_WARN_CONSTANT_CONVERSION = YES;
				CLANG_WARN_DEPRECATED_OBJC_IMPLEMENTATIONS = YES;
				CLANG_WARN_DIRECT_OBJC_ISA_USAGE = YES_ERROR;
				CLANG_WARN_DOCUMENTATION_COMMENTS = YES;
				CLANG_WARN_EMPTY_BODY = YES;
				CLANG_WARN_ENUM_CONVERSION = YES;
				CLANG_WARN_INFINITE_RECURSION = YES;
				CLANG_WARN_INT_CONVERSION = YES;
				CLANG_WARN_NON_LITERAL_NULL_CONVERSION = YES;
				CLANG_WARN_OBJC_IMPLICIT_RETAIN_SELF = YES;
				CLANG_WARN_OBJC_LITERAL_CONVERSION = YES;
				CLANG_WARN_OBJC_ROOT_CLASS = YES_ERROR;
				CLANG_WARN_RANGE_LOOP_ANALYSIS = YES;
				CLANG_WARN_STRICT_PROTOTYPES = YES;
				CLANG_WARN_SUSPICIOUS_MOVE = YES;
				CLANG_WARN_UNGUARDED_AVAILABILITY = YES_AGGRESSIVE;
				CLANG_WARN_UNREACHABLE_CODE = YES;
				CLANG_WARN__DUPLICATE_METHOD_MATCH = YES;
				CODE_SIGN_IDENTITY = "iPhone Developer";
				COPY_PHASE_STRIP = NO;
				DEBUG_INFORMATION_FORMAT = "dwarf-with-dsym";
				ENABLE_NS_ASSERTIONS = NO;
				ENABLE_STRICT_OBJC_MSGSEND = YES;
				GCC_C_LANGUAGE_STANDARD = gnu11;
				GCC_NO_COMMON_BLOCKS = YES;
				GCC_WARN_64_TO_32_BIT_CONVERSION = YES;
				GCC_WARN_ABOUT_RETURN_TYPE = YES_ERROR;
				GCC_WARN_UNDECLARED_SELECTOR = YES;
				GCC_WARN_UNINITIALIZED_AUTOS = YES_AGGRESSIVE;
				GCC_WARN_UNUSED_FUNCTION = YES;
				GCC_WARN_UNUSED_VARIABLE = YES;
				IPHONEOS_DEPLOYMENT_TARGET = 11.3;
				MTL_ENABLE_DEBUG_INFO = NO;
				SDKROOT = iphoneos;
				VALIDATE_PRODUCT = YES;
			};
			name = Release;
		};
		5048165F2095DC3D00AE966F /* Debug */ = {
			isa = XCBuildConfiguration;
			buildSettings = {
				ASSETCATALOG_COMPILER_APPICON_NAME = AppIcon;
				CODE_SIGN_STYLE = Automatic;
				DEVELOPMENT_TEAM = V6ESYGU6CV;
				INFOPLIST_FILE = DesktopBrowser/Info.plist;
				IPHONEOS_DEPLOYMENT_TARGET = 11.0;
				LD_RUNPATH_SEARCH_PATHS = (
					"$(inherited)",
					"@executable_path/Frameworks",
				);
				PRODUCT_BUNDLE_IDENTIFIER = com.saturdayapps.DesktopBrowser;
				PRODUCT_NAME = "$(TARGET_NAME)";
				TARGETED_DEVICE_FAMILY = 1;
			};
			name = Debug;
		};
		504816602095DC3D00AE966F /* Release */ = {
			isa = XCBuildConfiguration;
			buildSettings = {
				ASSETCATALOG_COMPILER_APPICON_NAME = AppIcon;
				CODE_SIGN_STYLE = Automatic;
				DEVELOPMENT_TEAM = V6ESYGU6CV;
				INFOPLIST_FILE = DesktopBrowser/Info.plist;
				IPHONEOS_DEPLOYMENT_TARGET = 11.0;
				LD_RUNPATH_SEARCH_PATHS = (
					"$(inherited)",
					"@executable_path/Frameworks",
				);
				PRODUCT_BUNDLE_IDENTIFIER = com.saturdayapps.DesktopBrowser;
				PRODUCT_NAME = "$(TARGET_NAME)";
				TARGETED_DEVICE_FAMILY = 1;
			};
			name = Release;
		};
/* End XCBuildConfiguration section */

/* Begin XCConfigurationList section */
		504816432095DC3C00AE966F /* Build configuration list for PBXProject "DesktopBrowser" */ = {
			isa = XCConfigurationList;
			buildConfigurations = (
				5048165C2095DC3D00AE966F /* Debug */,
				5048165D2095DC3D00AE966F /* Release */,
			);
			defaultConfigurationIsVisible = 0;
			defaultConfigurationName = Release;
		};
		5048165E2095DC3D00AE966F /* Build configuration list for PBXNativeTarget "DesktopBrowser" */ = {
			isa = XCConfigurationList;
			buildConfigurations = (
				5048165F2095DC3D00AE966F /* Debug */,
				504816602095DC3D00AE966F /* Release */,
			);
			defaultConfigurationIsVisible = 0;
			defaultConfigurationName = Release;
		};
/* End XCConfigurationList section */
	};
	rootObject = 504816402095DC3C00AE966F /* Project object */;
}
